
Microsoft Visual Studio Solution File, Format Version 12.00
# Visual Studio 15
VisualStudioVersion = 15.0.27004.2009
MinimumVisualStudioVersion = 10.0.40219.1
Project("{FAE04EC0-301F-11D3-BF4B-00C04F79EFBC}") = "AcmeCustomerManagement", "AcmeCustomerManagement\AcmeCustomerManagement.csproj", "{93E09CE4-D413-48D9-8BEB-28347AD77BAD}"
EndProject
Project("{FAE04EC0-301F-11D3-BF4B-00C04F79EFBC}") = "ACM.BL", "ACM.BL\ACM.BL.csproj", "{8F3F2465-A2C0-4E15-936D-B3C737330267}"
EndProject
Project("{FAE04EC0-301F-11D3-BF4B-00C04F79EFBC}") = "Core.Common", "Core.Common\Core.Common.csproj", "{5C6398E2-2E8C-441F-A47E-B07837EA89C3}"
EndProject
Global
	GlobalSection(SolutionConfigurationPlatforms) = preSolution
		Debug|Any CPU = Debug|Any CPU
		Release|Any CPU = Release|Any CPU
	EndGlobalSection
	GlobalSection(ProjectConfigurationPlatforms) = postSolution
		{93E09CE4-D413-48D9-8BEB-28347AD77BAD}.Debug|Any CPU.ActiveCfg = Debug|Any CPU
		{93E09CE4-D413-48D9-8BEB-28347AD77BAD}.Debug|Any CPU.Build.0 = Debug|Any CPU
		{93E09CE4-D413-48D9-8BEB-28347AD77BAD}.Release|Any CPU.ActiveCfg = Release|Any CPU
		{93E09CE4-D413-48D9-8BEB-28347AD77BAD}.Release|Any CPU.Build.0 = Release|Any CPU
		{8F3F2465-A2C0-4E15-936D-B3C737330267}.Debug|Any CPU.ActiveCfg = Debug|Any CPU
		{8F3F2465-A2C0-4E15-936D-B3C737330267}.Debug|Any CPU.Build.0 = Debug|Any CPU
		{8F3F2465-A2C0-4E15-936D-B3C737330267}.Release|Any CPU.ActiveCfg = Release|Any CPU
		{8F3F2465-A2C0-4E15-936D-B3C737330267}.Release|Any CPU.Build.0 = Release|Any CPU
		{5C6398E2-2E8C-441F-A47E-B07837EA89C3}.Debug|Any CPU.ActiveCfg = Debug|Any CPU
		{5C6398E2-2E8C-441F-A47E-B07837EA89C3}.Debug|Any CPU.Build.0 = Debug|Any CPU
		{5C6398E2-2E8C-441F-A47E-B07837EA89C3}.Release|Any CPU.ActiveCfg = Release|Any CPU
		{5C6398E2-2E8C-441F-A47E-B07837EA89C3}.Release|Any CPU.Build.0 = Release|Any CPU
	EndGlobalSection
	GlobalSection(SolutionProperties) = preSolution
		HideSolutionNode = FALSE
	EndGlobalSection
	GlobalSection(ExtensibilityGlobals) = postSolution
		SolutionGuid = {673E9419-5CAE-41C9-AD65-1479C10762CF}
	EndGlobalSection
EndGlobal
